
Microsoft Visual Studio Solution File, Format Version 12.00
# Visual Studio Version 16
VisualStudioVersion = 25.0.1706.7
MinimumVisualStudioVersion = 10.0.40219.1
Project("{FAE04EC0-301F-11D3-BF4B-00C04F79EFBC}") = "PracticeExercise4", "PracticeExercise4\PracticeExercise4.csproj", "{B3BF3C04-ED43-48DC-9F02-E06B224C3E9B}"
EndProject
Project("{FAE04EC0-301F-11D3-BF4B-00C04F79EFBC}") = "UnitTests", "UnitTests\UnitTests.csproj", "{B73ACDDC-CEBD-42EE-958E-B8E88EA56547}"
EndProject
Global
	GlobalSection(SolutionConfigurationPlatforms) = preSolution
		Debug|Any CPU = Debug|Any CPU
		Release|Any CPU = Release|Any CPU
	EndGlobalSection
	GlobalSection(ProjectConfigurationPlatforms) = postSolution
		{B3BF3C04-ED43-48DC-9F02-E06B224C3E9B}.Debug|Any CPU.ActiveCfg = Debug|Any CPU
		{B3BF3C04-ED43-48DC-9F02-E06B224C3E9B}.Debug|Any CPU.Build.0 = Debug|Any CPU
		{B3BF3C04-ED43-48DC-9F02-E06B224C3E9B}.Release|Any CPU.ActiveCfg = Release|Any CPU
		{B3BF3C04-ED43-48DC-9F02-E06B224C3E9B}.Release|Any CPU.Build.0 = Release|Any CPU
		{B73ACDDC-CEBD-42EE-958E-B8E88EA56547}.Debug|Any CPU.ActiveCfg = Debug|Any CPU
		{B73ACDDC-CEBD-42EE-958E-B8E88EA56547}.Debug|Any CPU.Build.0 = Debug|Any CPU
		{B73ACDDC-CEBD-42EE-958E-B8E88EA56547}.Release|Any CPU.ActiveCfg = Release|Any CPU
		{B73ACDDC-CEBD-42EE-958E-B8E88EA56547}.Release|Any CPU.Build.0 = Release|Any CPU
	EndGlobalSection
	GlobalSection(SolutionProperties) = preSolution
		HideSolutionNode = FALSE
	EndGlobalSection
	GlobalSection(ExtensibilityGlobals) = postSolution
		SolutionGuid = {864A12FE-28E7-4A20-8D2E-C7CA997077C0}
	EndGlobalSection
EndGlobal
